
Microsoft Visual Studio Solution File, Format Version 12.00
# Visual Studio Version 16
VisualStudioVersion = 16.0.29613.14
MinimumVisualStudioVersion = 10.0.40219.1
Project("{FAE04EC0-301F-11D3-BF4B-00C04F79EFBC}") = "RazorPagesTutorial", "RazorPagesTutorial\RazorPagesTutorial.csproj", "{AE242269-66C2-40FB-81D9-5BD5F14132B6}"
EndProject
Project("{FAE04EC0-301F-11D3-BF4B-00C04F79EFBC}") = "RazorPageTutorials.Model", "RazorPageTutorials.Model\RazorPageTutorials.Model.csproj", "{D1B1CF26-D031-4A5F-B6CD-8453B17BCDBB}"
EndProject
Project("{FAE04EC0-301F-11D3-BF4B-00C04F79EFBC}") = "RazorPagesTutorial.Services", "RazorPagesTutorial.Services\RazorPagesTutorial.Services.csproj", "{F875F5C6-F2F4-4FE7-A3E1-C1861228D919}"
EndProject
Global
	GlobalSection(SolutionConfigurationPlatforms) = preSolution
		Debug|Any CPU = Debug|Any CPU
		Release|Any CPU = Release|Any CPU
	EndGlobalSection
	GlobalSection(ProjectConfigurationPlatforms) = postSolution
		{AE242269-66C2-40FB-81D9-5BD5F14132B6}.Debug|Any CPU.ActiveCfg = Debug|Any CPU
		{AE242269-66C2-40FB-81D9-5BD5F14132B6}.Debug|Any CPU.Build.0 = Debug|Any CPU
		{AE242269-66C2-40FB-81D9-5BD5F14132B6}.Release|Any CPU.ActiveCfg = Release|Any CPU
		{AE242269-66C2-40FB-81D9-5BD5F14132B6}.Release|Any CPU.Build.0 = Release|Any CPU
		{D1B1CF26-D031-4A5F-B6CD-8453B17BCDBB}.Debug|Any CPU.ActiveCfg = Debug|Any CPU
		{D1B1CF26-D031-4A5F-B6CD-8453B17BCDBB}.Debug|Any CPU.Build.0 = Debug|Any CPU
		{D1B1CF26-D031-4A5F-B6CD-8453B17BCDBB}.Release|Any CPU.ActiveCfg = Release|Any CPU
		{D1B1CF26-D031-4A5F-B6CD-8453B17BCDBB}.Release|Any CPU.Build.0 = Release|Any CPU
		{F875F5C6-F2F4-4FE7-A3E1-C1861228D919}.Debug|Any CPU.ActiveCfg = Debug|Any CPU
		{F875F5C6-F2F4-4FE7-A3E1-C1861228D919}.Debug|Any CPU.Build.0 = Debug|Any CPU
		{F875F5C6-F2F4-4FE7-A3E1-C1861228D919}.Release|Any CPU.ActiveCfg = Release|Any CPU
		{F875F5C6-F2F4-4FE7-A3E1-C1861228D919}.Release|Any CPU.Build.0 = Release|Any CPU
	EndGlobalSection
	GlobalSection(SolutionProperties) = preSolution
		HideSolutionNode = FALSE
	EndGlobalSection
	GlobalSection(ExtensibilityGlobals) = postSolution
		SolutionGuid = {396820E5-E148-4799-87A4-FFECC8E06545}
	EndGlobalSection
EndGlobal
